
Microsoft Visual Studio Solution File, Format Version 12.00
# Visual Studio Version 16
VisualStudioVersion = 16.0.30717.126
MinimumVisualStudioVersion = 10.0.40219.1
Project("{FAE04EC0-301F-11D3-BF4B-00C04F79EFBC}") = "DenemeProjesi", "DenemeProjesi\DenemeProjesi.csproj", "{B1C924B9-46F7-4B2D-9F05-339C50D47ACA}"
EndProject
Global
	GlobalSection(SolutionConfigurationPlatforms) = preSolution
		Debug|Any CPU = Debug|Any CPU
		Release|Any CPU = Release|Any CPU
	EndGlobalSection
	GlobalSection(ProjectConfigurationPlatforms) = postSolution
		{B1C924B9-46F7-4B2D-9F05-339C50D47ACA}.Debug|Any CPU.ActiveCfg = Debug|Any CPU
		{B1C924B9-46F7-4B2D-9F05-339C50D47ACA}.Debug|Any CPU.Build.0 = Debug|Any CPU
		{B1C924B9-46F7-4B2D-9F05-339C50D47ACA}.Release|Any CPU.ActiveCfg = Release|Any CPU
		{B1C924B9-46F7-4B2D-9F05-339C50D47ACA}.Release|Any CPU.Build.0 = Release|Any CPU
	EndGlobalSection
	GlobalSection(SolutionProperties) = preSolution
		HideSolutionNode = FALSE
	EndGlobalSection
	GlobalSection(ExtensibilityGlobals) = postSolution
		SolutionGuid = {7A1D6DC3-A5BE-4B71-92E4-2F983287460C}
	EndGlobalSection
EndGlobal
